
Microsoft Visual Studio Solution File, Format Version 12.00
# Visual Studio 15
Project("{FAE04EC0-301F-11D3-BF4B-00C04F79EFBC}") = "lesson1", "lesson1\lesson1.csproj", "{AF80E9E2-5A99-45AC-BAD1-4C7AA23F2DFD}"
EndProject
Global
	GlobalSection(SolutionConfigurationPlatforms) = preSolution
		Debug|Any CPU = Debug|Any CPU
		Release|Any CPU = Release|Any CPU
	EndGlobalSection
	GlobalSection(ProjectConfigurationPlatforms) = postSolution
		{AF80E9E2-5A99-45AC-BAD1-4C7AA23F2DFD}.Debug|Any CPU.ActiveCfg = Debug|Any CPU
		{AF80E9E2-5A99-45AC-BAD1-4C7AA23F2DFD}.Debug|Any CPU.Build.0 = Debug|Any CPU
		{AF80E9E2-5A99-45AC-BAD1-4C7AA23F2DFD}.Release|Any CPU.ActiveCfg = Release|Any CPU
		{AF80E9E2-5A99-45AC-BAD1-4C7AA23F2DFD}.Release|Any CPU.Build.0 = Release|Any CPU
	EndGlobalSection
EndGlobal
